// !$*UTF8*$!
{
	archiveVersion = 1;
	classes = {
	};
	objectVersion = 48;
	objects = {

/* Begin PBXBuildFile section */
		843A302E1F97790200FECD0E /* AppDelegate.swift in Sources */ = {isa = PBXBuildFile; fileRef = 843A302D1F97790200FECD0E /* AppDelegate.swift */; };
		843A30331F97790200FECD0E /* Main.storyboard in Resources */ = {isa = PBXBuildFile; fileRef = 843A30311F97790200FECD0E /* Main.storyboard */; };
		843A30351F97790200FECD0E /* Assets.xcassets in Resources */ = {isa = PBXBuildFile; fileRef = 843A30341F97790200FECD0E /* Assets.xcassets */; };
		843A30381F97790200FECD0E /* LaunchScreen.storyboard in Resources */ = {isa = PBXBuildFile; fileRef = 843A30361F97790200FECD0E /* LaunchScreen.storyboard */; };
		843A30431F977A6000FECD0E /* MainTableViewController.swift in Sources */ = {isa = PBXBuildFile; fileRef = 843A30421F977A6000FECD0E /* MainTableViewController.swift */; };
		8465C0C51F9BB96A00D354DF /* CoreData.xcdatamodeld in Sources */ = {isa = PBXBuildFile; fileRef = 8465C0C31F9BB96A00D354DF /* CoreData.xcdatamodeld */; };
		8465C0C71F9C5B1000D354DF /* CoreDataController.swift in Sources */ = {isa = PBXBuildFile; fileRef = 8465C0C61F9C5B1000D354DF /* CoreDataController.swift */; };
		846E18EF1F9B1DCD00CB7751 /* HealthKitController.swift in Sources */ = {isa = PBXBuildFile; fileRef = 846E18EE1F9B1DCD00CB7751 /* HealthKitController.swift */; };
		847BEEA91F98CE3E00E0BD8C /* UVController.swift in Sources */ = {isa = PBXBuildFile; fileRef = 847BEEA81F98CE3E00E0BD8C /* UVController.swift */; };
		847BEEAB1F98E13700E0BD8C /* SettingsTableViewController.swift in Sources */ = {isa = PBXBuildFile; fileRef = 847BEEAA1F98E13700E0BD8C /* SettingsTableViewController.swift */; };
		847BEEAD1F98E22700E0BD8C /* AboutTableViewController.swift in Sources */ = {isa = PBXBuildFile; fileRef = 847BEEAC1F98E22700E0BD8C /* AboutTableViewController.swift */; };
		847BEEB51F98F77F00E0BD8C /* HealthKit.framework in Frameworks */ = {isa = PBXBuildFile; fileRef = 847BEEB41F98F77F00E0BD8C /* HealthKit.framework */; };
/* End PBXBuildFile section */

/* Begin PBXFileReference section */
		843A302A1F97790200FECD0E /* UView.app */ = {isa = PBXFileReference; explicitFileType = wrapper.application; includeInIndex = 0; path = UView.app; sourceTree = BUILT_PRODUCTS_DIR; };
		843A302D1F97790200FECD0E /* AppDelegate.swift */ = {isa = PBXFileReference; lastKnownFileType = sourcecode.swift; path = AppDelegate.swift; sourceTree = "<group>"; };
		843A30321F97790200FECD0E /* Base */ = {isa = PBXFileReference; lastKnownFileType = file.storyboard; name = Base; path = Base.lproj/Main.storyboard; sourceTree = "<group>"; };
		843A30341F97790200FECD0E /* Assets.xcassets */ = {isa = PBXFileReference; lastKnownFileType = folder.assetcatalog; path = Assets.xcassets; sourceTree = "<group>"; };
		843A30371F97790200FECD0E /* Base */ = {isa = PBXFileReference; lastKnownFileType = file.storyboard; name = Base; path = Base.lproj/LaunchScreen.storyboard; sourceTree = "<group>"; };
		843A30391F97790200FECD0E /* Info.plist */ = {isa = PBXFileReference; lastKnownFileType = text.plist.xml; path = Info.plist; sourceTree = "<group>"; };
		843A30421F977A6000FECD0E /* MainTableViewController.swift */ = {isa = PBXFileReference; lastKnownFileType = sourcecode.swift; path = MainTableViewController.swift; sourceTree = "<group>"; };
		8465C0C41F9BB96A00D354DF /* CoreData.xcdatamodel */ = {isa = PBXFileReference; lastKnownFileType = wrapper.xcdatamodel; path = CoreData.xcdatamodel; sourceTree = "<group>"; };
		8465C0C61F9C5B1000D354DF /* CoreDataController.swift */ = {isa = PBXFileReference; lastKnownFileType = sourcecode.swift; path = CoreDataController.swift; sourceTree = "<group>"; };
		846E18EE1F9B1DCD00CB7751 /* HealthKitController.swift */ = {isa = PBXFileReference; lastKnownFileType = sourcecode.swift; path = HealthKitController.swift; sourceTree = "<group>"; };
		847BEEA81F98CE3E00E0BD8C /* UVController.swift */ = {isa = PBXFileReference; lastKnownFileType = sourcecode.swift; path = UVController.swift; sourceTree = "<group>"; };
		847BEEAA1F98E13700E0BD8C /* SettingsTableViewController.swift */ = {isa = PBXFileReference; lastKnownFileType = sourcecode.swift; path = SettingsTableViewController.swift; sourceTree = "<group>"; };
		847BEEAC1F98E22700E0BD8C /* AboutTableViewController.swift */ = {isa = PBXFileReference; lastKnownFileType = sourcecode.swift; path = AboutTableViewController.swift; sourceTree = "<group>"; };
		847BEEAE1F98F3BC00E0BD8C /* UView.entitlements */ = {isa = PBXFileReference; lastKnownFileType = text.plist.entitlements; path = UView.entitlements; sourceTree = "<group>"; };
		847BEEB41F98F77F00E0BD8C /* HealthKit.framework */ = {isa = PBXFileReference; lastKnownFileType = wrapper.framework; name = HealthKit.framework; path = System/Library/Frameworks/HealthKit.framework; sourceTree = SDKROOT; };
/* End PBXFileReference section */

/* Begin PBXFrameworksBuildPhase section */
		843A30271F97790200FECD0E /* Frameworks */ = {
			isa = PBXFrameworksBuildPhase;
			buildActionMask = 2147483647;
			files = (
				847BEEB51F98F77F00E0BD8C /* HealthKit.framework in Frameworks */,
			);
			runOnlyForDeploymentPostprocessing = 0;
		};
/* End PBXFrameworksBuildPhase section */

/* Begin PBXGroup section */
		843A30211F97790200FECD0E = {
			isa = PBXGroup;
			children = (
				843A302C1F97790200FECD0E /* UView */,
				843A302B1F97790200FECD0E /* Products */,
				847BEEAF1F98F3BC00E0BD8C /* Frameworks */,
			);
			sourceTree = "<group>";
		};
		843A302B1F97790200FECD0E /* Products */ = {
			isa = PBXGroup;
			children = (
				843A302A1F97790200FECD0E /* UView.app */,
			);
			name = Products;
			sourceTree = "<group>";
		};
		843A302C1F97790200FECD0E /* UView */ = {
			isa = PBXGroup;
			children = (
				847BEEAE1F98F3BC00E0BD8C /* UView.entitlements */,
				843A302D1F97790200FECD0E /* AppDelegate.swift */,
				843A30311F97790200FECD0E /* Main.storyboard */,
				843A30361F97790200FECD0E /* LaunchScreen.storyboard */,
				843A30341F97790200FECD0E /* Assets.xcassets */,
				843A30391F97790200FECD0E /* Info.plist */,
				843A30421F977A6000FECD0E /* MainTableViewController.swift */,
				847BEEAA1F98E13700E0BD8C /* SettingsTableViewController.swift */,
				847BEEAC1F98E22700E0BD8C /* AboutTableViewController.swift */,
				847BEEA81F98CE3E00E0BD8C /* UVController.swift */,
				846E18EE1F9B1DCD00CB7751 /* HealthKitController.swift */,
				8465C0C61F9C5B1000D354DF /* CoreDataController.swift */,
				8465C0C31F9BB96A00D354DF /* CoreData.xcdatamodeld */,
			);
			path = UView;
			sourceTree = "<group>";
		};
		847BEEAF1F98F3BC00E0BD8C /* Frameworks */ = {
			isa = PBXGroup;
			children = (
				847BEEB41F98F77F00E0BD8C /* HealthKit.framework */,
			);
			name = Frameworks;
			sourceTree = "<group>";
		};
/* End PBXGroup section */

/* Begin PBXNativeTarget section */
		843A30291F97790200FECD0E /* UView */ = {
			isa = PBXNativeTarget;
			buildConfigurationList = 843A303C1F97790200FECD0E /* Build configuration list for PBXNativeTarget "UView" */;
			buildPhases = (
				843A30261F97790200FECD0E /* Sources */,
				843A30271F97790200FECD0E /* Frameworks */,
				843A30281F97790200FECD0E /* Resources */,
				843A303F1F97790700FECD0E /* ShellScript */,
			);
			buildRules = (
			);
			dependencies = (
			);
			name = UView;
			productName = UView;
			productReference = 843A302A1F97790200FECD0E /* UView.app */;
			productType = "com.apple.product-type.application";
		};
/* End PBXNativeTarget section */

/* Begin PBXProject section */
		843A30221F97790200FECD0E /* Project object */ = {
			isa = PBXProject;
			attributes = {
				LastSwiftUpdateCheck = 0900;
				LastUpgradeCheck = 0940;
				ORGANIZATIONNAME = Lucka;
				TargetAttributes = {
					843A30291F97790200FECD0E = {
						CreatedOnToolsVersion = 9.0;
						ProvisioningStyle = Automatic;
						SystemCapabilities = {
							com.apple.BackgroundModes = {
								enabled = 1;
							};
							com.apple.HealthKit = {
								enabled = 1;
							};
						};
					};
				};
			};
			buildConfigurationList = 843A30251F97790200FECD0E /* Build configuration list for PBXProject "UView" */;
			compatibilityVersion = "Xcode 8.0";
			developmentRegion = en;
			hasScannedForEncodings = 0;
			knownRegions = (
				Base,
			);
			mainGroup = 843A30211F97790200FECD0E;
			productRefGroup = 843A302B1F97790200FECD0E /* Products */;
			projectDirPath = "";
			projectRoot = "";
			targets = (
				843A30291F97790200FECD0E /* UView */,
			);
		};
/* End PBXProject section */

/* Begin PBXResourcesBuildPhase section */
		843A30281F97790200FECD0E /* Resources */ = {
			isa = PBXResourcesBuildPhase;
			buildActionMask = 2147483647;
			files = (
				843A30381F97790200FECD0E /* LaunchScreen.storyboard in Resources */,
				843A30351F97790200FECD0E /* Assets.xcassets in Resources */,
				843A30331F97790200FECD0E /* Main.storyboard in Resources */,
			);
			runOnlyForDeploymentPostprocessing = 0;
		};
/* End PBXResourcesBuildPhase section */

/* Begin PBXShellScriptBuildPhase section */
		843A303F1F97790700FECD0E /* ShellScript */ = {
			isa = PBXShellScriptBuildPhase;
			buildActionMask = 2147483647;
			files = (
			);
			inputPaths = (
			);
			outputPaths = (
			);
			runOnlyForDeploymentPostprocessing = 0;
			shellPath = /bin/sh;
			shellScript = "buildVersionNumber=$(/usr/libexec/PlistBuddy -c \"Print CFBundleVersion\" \"$INFOPLIST_FILE\")\nbuildVersionNumber=$(($buildVersionNumber + 1))\n/usr/libexec/PlistBuddy -c \"Set :CFBundleVersion $buildVersionNumber\" \"$INFOPLIST_FILE\"";
		};
/* End PBXShellScriptBuildPhase section */

/* Begin PBXSourcesBuildPhase section */
		843A30261F97790200FECD0E /* Sources */ = {
			isa = PBXSourcesBuildPhase;
			buildActionMask = 2147483647;
			files = (
				8465C0C51F9BB96A00D354DF /* CoreData.xcdatamodeld in Sources */,
				847BEEAB1F98E13700E0BD8C /* SettingsTableViewController.swift in Sources */,
				847BEEAD1F98E22700E0BD8C /* AboutTableViewController.swift in Sources */,
				846E18EF1F9B1DCD00CB7751 /* HealthKitController.swift in Sources */,
				8465C0C71F9C5B1000D354DF /* CoreDataController.swift in Sources */,
				843A302E1F97790200FECD0E /* AppDelegate.swift in Sources */,
				843A30431F977A6000FECD0E /* MainTableViewController.swift in Sources */,
				847BEEA91F98CE3E00E0BD8C /* UVController.swift in Sources */,
			);
			runOnlyForDeploymentPostprocessing = 0;
		};
/* End PBXSourcesBuildPhase section */

/* Begin PBXVariantGroup section */
		843A30311F97790200FECD0E /* Main.storyboard */ = {
			isa = PBXVariantGroup;
			children = (
				843A30321F97790200FECD0E /* Base */,
			);
			name = Main.storyboard;
			sourceTree = "<group>";
		};
		843A30361F97790200FECD0E /* LaunchScreen.storyboard */ = {
			isa = PBXVariantGroup;
			children = (
				843A30371F97790200FECD0E /* Base */,
			);
			name = LaunchScreen.storyboard;
			sourceTree = "<group>";
		};
/* End PBXVariantGroup section */

/* Begin XCBuildConfiguration section */
		843A303A1F97790200FECD0E /* Debug */ = {
			isa = XCBuildConfiguration;
			buildSettings = {
				ALWAYS_SEARCH_USER_PATHS = NO;
				CLANG_ANALYZER_LOCALIZABILITY_NONLOCALIZED = YES;
				CLANG_ANALYZER_NONNULL = YES;
				CLANG_ANALYZER_NUMBER_OBJECT_CONVERSION = YES_AGGRESSIVE;
				CLANG_CXX_LANGUAGE_STANDARD = "gnu++14";
				CLANG_CXX_LIBRARY = "libc++";
				CLANG_ENABLE_MODULES = YES;
				CLANG_ENABLE_OBJC_ARC = YES;
				CLANG_WARN_BLOCK_CAPTURE_AUTORELEASING = YES;
				CLANG_WARN_BOOL_CONVERSION = YES;
				CLANG_WARN_COMMA = YES;
				CLANG_WARN_CONSTANT_CONVERSION = YES;
				CLANG_WARN_DEPRECATED_OBJC_IMPLEMENTATIONS = YES;
				CLANG_WARN_DIRECT_OBJC_ISA_USAGE = YES_ERROR;
				CLANG_WARN_DOCUMENTATION_COMMENTS = YES;
				CLANG_WARN_EMPTY_BODY = YES;
				CLANG_WARN_ENUM_CONVERSION = YES;
				CLANG_WARN_INFINITE_RECURSION = YES;
				CLANG_WARN_INT_CONVERSION = YES;
				CLANG_WARN_NON_LITERAL_NULL_CONVERSION = YES;
				CLANG_WARN_OBJC_IMPLICIT_RETAIN_SELF = YES;
				CLANG_WARN_OBJC_LITERAL_CONVERSION = YES;
				CLANG_WARN_OBJC_ROOT_CLASS = YES_ERROR;
				CLANG_WARN_RANGE_LOOP_ANALYSIS = YES;
				CLANG_WARN_STRICT_PROTOTYPES = YES;
				CLANG_WARN_SUSPICIOUS_MOVE = YES;
				CLANG_WARN_UNGUARDED_AVAILABILITY = YES_AGGRESSIVE;
				CLANG_WARN_UNREACHABLE_CODE = YES;
				CLANG_WARN__DUPLICATE_METHOD_MATCH = YES;
				CODE_SIGN_IDENTITY = "iPhone Developer";
				COPY_PHASE_STRIP = NO;
				DEBUG_INFORMATION_FORMAT = dwarf;
				ENABLE_STRICT_OBJC_MSGSEND = YES;
				ENABLE_TESTABILITY = YES;
				GCC_C_LANGUAGE_STANDARD = gnu11;
				GCC_DYNAMIC_NO_PIC = NO;
				GCC_NO_COMMON_BLOCKS = YES;
				GCC_OPTIMIZATION_LEVEL = 0;
				GCC_PREPROCESSOR_DEFINITIONS = (
					"DEBUG=1",
					"$(inherited)",
				);
				GCC_WARN_64_TO_32_BIT_CONVERSION = YES;
				GCC_WARN_ABOUT_RETURN_TYPE = YES_ERROR;
				GCC_WARN_UNDECLARED_SELECTOR = YES;
				GCC_WARN_UNINITIALIZED_AUTOS = YES_AGGRESSIVE;
				GCC_WARN_UNUSED_FUNCTION = YES;
				GCC_WARN_UNUSED_VARIABLE = YES;
				IPHONEOS_DEPLOYMENT_TARGET = 11.0;
				MTL_ENABLE_DEBUG_INFO = YES;
				ONLY_ACTIVE_ARCH = YES;
				SDKROOT = iphoneos;
				SWIFT_ACTIVE_COMPILATION_CONDITIONS = DEBUG;
				SWIFT_OPTIMIZATION_LEVEL = "-Onone";
			};
			name = Debug;
		};
		843A303B1F97790200FECD0E /* Release */ = {
			isa = XCBuildConfiguration;
			buildSettings = {
				ALWAYS_SEARCH_USER_PATHS = NO;
				CLANG_ANALYZER_LOCALIZABILITY_NONLOCALIZED = YES;
				CLANG_ANALYZER_NONNULL = YES;
				CLANG_ANALYZER_NUMBER_OBJECT_CONVERSION = YES_AGGRESSIVE;
				CLANG_CXX_LANGUAGE_STANDARD = "gnu++14";
				CLANG_CXX_LIBRARY = "libc++";
				CLANG_ENABLE_MODULES = YES;
				CLANG_ENABLE_OBJC_ARC = YES;
				CLANG_WARN_BLOCK_CAPTURE_AUTORELEASING = YES;
				CLANG_WARN_BOOL_CONVERSION = YES;
				CLANG_WARN_COMMA = YES;
				CLANG_WARN_CONSTANT_CONVERSION = YES;
				CLANG_WARN_DEPRECATED_OBJC_IMPLEMENTATIONS = YES;
				CLANG_WARN_DIRECT_OBJC_ISA_USAGE = YES_ERROR;
				CLANG_WARN_DOCUMENTATION_COMMENTS = YES;
				CLANG_WARN_EMPTY_BODY = YES;
				CLANG_WARN_ENUM_CONVERSION = YES;
				CLANG_WARN_INFINITE_RECURSION = YES;
				CLANG_WARN_INT_CONVERSION = YES;
				CLANG_WARN_NON_LITERAL_NULL_CONVERSION = YES;
				CLANG_WARN_OBJC_IMPLICIT_RETAIN_SELF = YES;
				CLANG_WARN_OBJC_LITERAL_CONVERSION = YES;
				CLANG_WARN_OBJC_ROOT_CLASS = YES_ERROR;
				CLANG_WARN_RANGE_LOOP_ANALYSIS = YES;
				CLANG_WARN_STRICT_PROTOTYPES = YES;
				CLANG_WARN_SUSPICIOUS_MOVE = YES;
				CLANG_WARN_UNGUARDED_AVAILABILITY = YES_AGGRESSIVE;
				CLANG_WARN_UNREACHABLE_CODE = YES;
				CLANG_WARN__DUPLICATE_METHOD_MATCH = YES;
				CODE_SIGN_IDENTITY = "iPhone Developer";
				COPY_PHASE_STRIP = NO;
				DEBUG_INFORMATION_FORMAT = "dwarf-with-dsym";
				ENABLE_NS_ASSERTIONS = NO;
				ENABLE_STRICT_OBJC_MSGSEND = YES;
				GCC_C_LANGUAGE_STANDARD = gnu11;
				GCC_NO_COMMON_BLOCKS = YES;
				GCC_WARN_64_TO_32_BIT_CONVERSION = YES;
				GCC_WARN_ABOUT_RETURN_TYPE = YES_ERROR;
				GCC_WARN_UNDECLARED_SELECTOR = YES;
				GCC_WARN_UNINITIALIZED_AUTOS = YES_AGGRESSIVE;
				GCC_WARN_UNUSED_FUNCTION = YES;
				GCC_WARN_UNUSED_VARIABLE = YES;
				IPHONEOS_DEPLOYMENT_TARGET = 11.0;
				MTL_ENABLE_DEBUG_INFO = NO;
				SDKROOT = iphoneos;
				SWIFT_OPTIMIZATION_LEVEL = "-Owholemodule";
				VALIDATE_PRODUCT = YES;
			};
			name = Release;
		};
		843A303D1F97790200FECD0E /* Debug */ = {
			isa = XCBuildConfiguration;
			buildSettings = {
				ASSETCATALOG_COMPILER_APPICON_NAME = AppIcon;
				CODE_SIGN_ENTITLEMENTS = UView/UView.entitlements;
				CODE_SIGN_STYLE = Automatic;
				DEVELOPMENT_TEAM = 6JSH2PZAX2;
				INFOPLIST_FILE = UView/Info.plist;
				LD_RUNPATH_SEARCH_PATHS = "$(inherited) @executable_path/Frameworks";
				PRODUCT_BUNDLE_IDENTIFIER = labs.lucka.UView;
				PRODUCT_NAME = "$(TARGET_NAME)";
				SWIFT_VERSION = 4.0;
				TARGETED_DEVICE_FAMILY = 1;
			};
			name = Debug;
		};
		843A303E1F97790200FECD0E /* Release */ = {
			isa = XCBuildConfiguration;
			buildSettings = {
				ASSETCATALOG_COMPILER_APPICON_NAME = AppIcon;
				CODE_SIGN_ENTITLEMENTS = UView/UView.entitlements;
				CODE_SIGN_STYLE = Automatic;
				DEVELOPMENT_TEAM = 6JSH2PZAX2;
				INFOPLIST_FILE = UView/Info.plist;
				LD_RUNPATH_SEARCH_PATHS = "$(inherited) @executable_path/Frameworks";
				PRODUCT_BUNDLE_IDENTIFIER = labs.lucka.UView;
				PRODUCT_NAME = "$(TARGET_NAME)";
				SWIFT_VERSION = 4.0;
				TARGETED_DEVICE_FAMILY = 1;
			};
			name = Release;
		};
/* End XCBuildConfiguration section */

/* Begin XCConfigurationList section */
		843A30251F97790200FECD0E /* Build configuration list for PBXProject "UView" */ = {
			isa = XCConfigurationList;
			buildConfigurations = (
				843A303A1F97790200FECD0E /* Debug */,
				843A303B1F97790200FECD0E /* Release */,
			);
			defaultConfigurationIsVisible = 0;
			defaultConfigurationName = Release;
		};
		843A303C1F97790200FECD0E /* Build configuration list for PBXNativeTarget "UView" */ = {
			isa = XCConfigurationList;
			buildConfigurations = (
				843A303D1F97790200FECD0E /* Debug */,
				843A303E1F97790200FECD0E /* Release */,
			);
			defaultConfigurationIsVisible = 0;
			defaultConfigurationName = Release;
		};
/* End XCConfigurationList section */

/* Begin XCVersionGroup section */
		8465C0C31F9BB96A00D354DF /* CoreData.xcdatamodeld */ = {
			isa = XCVersionGroup;
			children = (
				8465C0C41F9BB96A00D354DF /* CoreData.xcdatamodel */,
			);
			currentVersion = 8465C0C41F9BB96A00D354DF /* CoreData.xcdatamodel */;
			path = CoreData.xcdatamodeld;
			sourceTree = "<group>";
			versionGroupType = wrapper.xcdatamodel;
		};
/* End XCVersionGroup section */
	};
	rootObject = 843A30221F97790200FECD0E /* Project object */;
}
